// !$*UTF8*$!
{
	archiveVersion = 1;
	classes = {
	};
	objectVersion = 50;
	objects = {

/* Begin PBXBuildFile section */
		31ECC84125755F8800FB63B3 /* AppDelegate.swift in Sources */ = {isa = PBXBuildFile; fileRef = 31ECC84025755F8800FB63B3 /* AppDelegate.swift */; };
		31ECC84325755F8800FB63B3 /* SceneDelegate.swift in Sources */ = {isa = PBXBuildFile; fileRef = 31ECC84225755F8800FB63B3 /* SceneDelegate.swift */; };
		31ECC84525755F8800FB63B3 /* ViewController.swift in Sources */ = {isa = PBXBuildFile; fileRef = 31ECC84425755F8800FB63B3 /* ViewController.swift */; };
		31ECC84825755F8800FB63B3 /* Main.storyboard in Resources */ = {isa = PBXBuildFile; fileRef = 31ECC84625755F8800FB63B3 /* Main.storyboard */; };
		31ECC84A25755F8B00FB63B3 /* Assets.xcassets in Resources */ = {isa = PBXBuildFile; fileRef = 31ECC84925755F8B00FB63B3 /* Assets.xcassets */; };
		31ECC84D25755F8B00FB63B3 /* LaunchScreen.storyboard in Resources */ = {isa = PBXBuildFile; fileRef = 31ECC84B25755F8B00FB63B3 /* LaunchScreen.storyboard */; };
		31ECC85825755F8B00FB63B3 /* drinkTests.swift in Sources */ = {isa = PBXBuildFile; fileRef = 31ECC85725755F8B00FB63B3 /* drinkTests.swift */; };
		31ECC86325755F8B00FB63B3 /* drinkUITests.swift in Sources */ = {isa = PBXBuildFile; fileRef = 31ECC86225755F8B00FB63B3 /* drinkUITests.swift */; };
/* End PBXBuildFile section */

/* Begin PBXContainerItemProxy section */
		31ECC85425755F8B00FB63B3 /* PBXContainerItemProxy */ = {
			isa = PBXContainerItemProxy;
			containerPortal = 31ECC83525755F8800FB63B3 /* Project object */;
			proxyType = 1;
			remoteGlobalIDString = 31ECC83C25755F8800FB63B3;
			remoteInfo = drink;
		};
		31ECC85F25755F8B00FB63B3 /* PBXContainerItemProxy */ = {
			isa = PBXContainerItemProxy;
			containerPortal = 31ECC83525755F8800FB63B3 /* Project object */;
			proxyType = 1;
			remoteGlobalIDString = 31ECC83C25755F8800FB63B3;
			remoteInfo = drink;
		};
/* End PBXContainerItemProxy section */

/* Begin PBXFileReference section */
		31ECC83D25755F8800FB63B3 /* drink.app */ = {isa = PBXFileReference; explicitFileType = wrapper.application; includeInIndex = 0; path = drink.app; sourceTree = BUILT_PRODUCTS_DIR; };
		31ECC84025755F8800FB63B3 /* AppDelegate.swift */ = {isa = PBXFileReference; lastKnownFileType = sourcecode.swift; path = AppDelegate.swift; sourceTree = "<group>"; };
		31ECC84225755F8800FB63B3 /* SceneDelegate.swift */ = {isa = PBXFileReference; lastKnownFileType = sourcecode.swift; path = SceneDelegate.swift; sourceTree = "<group>"; };
		31ECC84425755F8800FB63B3 /* ViewController.swift */ = {isa = PBXFileReference; lastKnownFileType = sourcecode.swift; path = ViewController.swift; sourceTree = "<group>"; };
		31ECC84725755F8800FB63B3 /* Base */ = {isa = PBXFileReference; lastKnownFileType = file.storyboard; name = Base; path = Base.lproj/Main.storyboard; sourceTree = "<group>"; };
		31ECC84925755F8B00FB63B3 /* Assets.xcassets */ = {isa = PBXFileReference; lastKnownFileType = folder.assetcatalog; path = Assets.xcassets; sourceTree = "<group>"; };
		31ECC84C25755F8B00FB63B3 /* Base */ = {isa = PBXFileReference; lastKnownFileType = file.storyboard; name = Base; path = Base.lproj/LaunchScreen.storyboard; sourceTree = "<group>"; };
		31ECC84E25755F8B00FB63B3 /* Info.plist */ = {isa = PBXFileReference; lastKnownFileType = text.plist.xml; path = Info.plist; sourceTree = "<group>"; };
		31ECC85325755F8B00FB63B3 /* drinkTests.xctest */ = {isa = PBXFileReference; explicitFileType = wrapper.cfbundle; includeInIndex = 0; path = drinkTests.xctest; sourceTree = BUILT_PRODUCTS_DIR; };
		31ECC85725755F8B00FB63B3 /* drinkTests.swift */ = {isa = PBXFileReference; lastKnownFileType = sourcecode.swift; path = drinkTests.swift; sourceTree = "<group>"; };
		31ECC85925755F8B00FB63B3 /* Info.plist */ = {isa = PBXFileReference; lastKnownFileType = text.plist.xml; path = Info.plist; sourceTree = "<group>"; };
		31ECC85E25755F8B00FB63B3 /* drinkUITests.xctest */ = {isa = PBXFileReference; explicitFileType = wrapper.cfbundle; includeInIndex = 0; path = drinkUITests.xctest; sourceTree = BUILT_PRODUCTS_DIR; };
		31ECC86225755F8B00FB63B3 /* drinkUITests.swift */ = {isa = PBXFileReference; lastKnownFileType = sourcecode.swift; path = drinkUITests.swift; sourceTree = "<group>"; };
		31ECC86425755F8B00FB63B3 /* Info.plist */ = {isa = PBXFileReference; lastKnownFileType = text.plist.xml; path = Info.plist; sourceTree = "<group>"; };
/* End PBXFileReference section */

/* Begin PBXFrameworksBuildPhase section */
		31ECC83A25755F8800FB63B3 /* Frameworks */ = {
			isa = PBXFrameworksBuildPhase;
			buildActionMask = 2147483647;
			files = (
			);
			runOnlyForDeploymentPostprocessing = 0;
		};
		31ECC85025755F8B00FB63B3 /* Frameworks */ = {
			isa = PBXFrameworksBuildPhase;
			buildActionMask = 2147483647;
			files = (
			);
			runOnlyForDeploymentPostprocessing = 0;
		};
		31ECC85B25755F8B00FB63B3 /* Frameworks */ = {
			isa = PBXFrameworksBuildPhase;
			buildActionMask = 2147483647;
			files = (
			);
			runOnlyForDeploymentPostprocessing = 0;
		};
/* End PBXFrameworksBuildPhase section */

/* Begin PBXGroup section */
		31ECC83425755F8800FB63B3 = {
			isa = PBXGroup;
			children = (
				31ECC83F25755F8800FB63B3 /* drink */,
				31ECC85625755F8B00FB63B3 /* drinkTests */,
				31ECC86125755F8B00FB63B3 /* drinkUITests */,
				31ECC83E25755F8800FB63B3 /* Products */,
			);
			sourceTree = "<group>";
		};
		31ECC83E25755F8800FB63B3 /* Products */ = {
			isa = PBXGroup;
			children = (
				31ECC83D25755F8800FB63B3 /* drink.app */,
				31ECC85325755F8B00FB63B3 /* drinkTests.xctest */,
				31ECC85E25755F8B00FB63B3 /* drinkUITests.xctest */,
			);
			name = Products;
			sourceTree = "<group>";
		};
		31ECC83F25755F8800FB63B3 /* drink */ = {
			isa = PBXGroup;
			children = (
				31ECC84025755F8800FB63B3 /* AppDelegate.swift */,
				31ECC84225755F8800FB63B3 /* SceneDelegate.swift */,
				31ECC84425755F8800FB63B3 /* ViewController.swift */,
				31ECC84625755F8800FB63B3 /* Main.storyboard */,
				31ECC84925755F8B00FB63B3 /* Assets.xcassets */,
				31ECC84B25755F8B00FB63B3 /* LaunchScreen.storyboard */,
				31ECC84E25755F8B00FB63B3 /* Info.plist */,
			);
			path = drink;
			sourceTree = "<group>";
		};
		31ECC85625755F8B00FB63B3 /* drinkTests */ = {
			isa = PBXGroup;
			children = (
				31ECC85725755F8B00FB63B3 /* drinkTests.swift */,
				31ECC85925755F8B00FB63B3 /* Info.plist */,
			);
			path = drinkTests;
			sourceTree = "<group>";
		};
		31ECC86125755F8B00FB63B3 /* drinkUITests */ = {
			isa = PBXGroup;
			children = (
				31ECC86225755F8B00FB63B3 /* drinkUITests.swift */,
				31ECC86425755F8B00FB63B3 /* Info.plist */,
			);
			path = drinkUITests;
			sourceTree = "<group>";
		};
/* End PBXGroup section */

/* Begin PBXNativeTarget section */
		31ECC83C25755F8800FB63B3 /* drink */ = {
			isa = PBXNativeTarget;
			buildConfigurationList = 31ECC86725755F8B00FB63B3 /* Build configuration list for PBXNativeTarget "drink" */;
			buildPhases = (
				31ECC83925755F8800FB63B3 /* Sources */,
				31ECC83A25755F8800FB63B3 /* Frameworks */,
				31ECC83B25755F8800FB63B3 /* Resources */,
			);
			buildRules = (
			);
			dependencies = (
			);
			name = drink;
			productName = drink;
			productReference = 31ECC83D25755F8800FB63B3 /* drink.app */;
			productType = "com.apple.product-type.application";
		};
		31ECC85225755F8B00FB63B3 /* drinkTests */ = {
			isa = PBXNativeTarget;
			buildConfigurationList = 31ECC86A25755F8B00FB63B3 /* Build configuration list for PBXNativeTarget "drinkTests" */;
			buildPhases = (
				31ECC84F25755F8B00FB63B3 /* Sources */,
				31ECC85025755F8B00FB63B3 /* Frameworks */,
				31ECC85125755F8B00FB63B3 /* Resources */,
			);
			buildRules = (
			);
			dependencies = (
				31ECC85525755F8B00FB63B3 /* PBXTargetDependency */,
			);
			name = drinkTests;
			productName = drinkTests;
			productReference = 31ECC85325755F8B00FB63B3 /* drinkTests.xctest */;
			productType = "com.apple.product-type.bundle.unit-test";
		};
		31ECC85D25755F8B00FB63B3 /* drinkUITests */ = {
			isa = PBXNativeTarget;
			buildConfigurationList = 31ECC86D25755F8B00FB63B3 /* Build configuration list for PBXNativeTarget "drinkUITests" */;
			buildPhases = (
				31ECC85A25755F8B00FB63B3 /* Sources */,
				31ECC85B25755F8B00FB63B3 /* Frameworks */,
				31ECC85C25755F8B00FB63B3 /* Resources */,
			);
			buildRules = (
			);
			dependencies = (
				31ECC86025755F8B00FB63B3 /* PBXTargetDependency */,
			);
			name = drinkUITests;
			productName = drinkUITests;
			productReference = 31ECC85E25755F8B00FB63B3 /* drinkUITests.xctest */;
			productType = "com.apple.product-type.bundle.ui-testing";
		};
/* End PBXNativeTarget section */

/* Begin PBXProject section */
		31ECC83525755F8800FB63B3 /* Project object */ = {
			isa = PBXProject;
			attributes = {
				LastSwiftUpdateCheck = 1200;
				LastUpgradeCheck = 1200;
				TargetAttributes = {
					31ECC83C25755F8800FB63B3 = {
						CreatedOnToolsVersion = 12.0.1;
					};
					31ECC85225755F8B00FB63B3 = {
						CreatedOnToolsVersion = 12.0.1;
						TestTargetID = 31ECC83C25755F8800FB63B3;
					};
					31ECC85D25755F8B00FB63B3 = {
						CreatedOnToolsVersion = 12.0.1;
						TestTargetID = 31ECC83C25755F8800FB63B3;
					};
				};
			};
			buildConfigurationList = 31ECC83825755F8800FB63B3 /* Build configuration list for PBXProject "drink" */;
			compatibilityVersion = "Xcode 9.3";
			developmentRegion = en;
			hasScannedForEncodings = 0;
			knownRegions = (
				en,
				Base,
			);
			mainGroup = 31ECC83425755F8800FB63B3;
			productRefGroup = 31ECC83E25755F8800FB63B3 /* Products */;
			projectDirPath = "";
			projectRoot = "";
			targets = (
				31ECC83C25755F8800FB63B3 /* drink */,
				31ECC85225755F8B00FB63B3 /* drinkTests */,
				31ECC85D25755F8B00FB63B3 /* drinkUITests */,
			);
		};
/* End PBXProject section */

/* Begin PBXResourcesBuildPhase section */
		31ECC83B25755F8800FB63B3 /* Resources */ = {
			isa = PBXResourcesBuildPhase;
			buildActionMask = 2147483647;
			files = (
				31ECC84D25755F8B00FB63B3 /* LaunchScreen.storyboard in Resources */,
				31ECC84A25755F8B00FB63B3 /* Assets.xcassets in Resources */,
				31ECC84825755F8800FB63B3 /* Main.storyboard in Resources */,
			);
			runOnlyForDeploymentPostprocessing = 0;
		};
		31ECC85125755F8B00FB63B3 /* Resources */ = {
			isa = PBXResourcesBuildPhase;
			buildActionMask = 2147483647;
			files = (
			);
			runOnlyForDeploymentPostprocessing = 0;
		};
		31ECC85C25755F8B00FB63B3 /* Resources */ = {
			isa = PBXResourcesBuildPhase;
			buildActionMask = 2147483647;
			files = (
			);
			runOnlyForDeploymentPostprocessing = 0;
		};
/* End PBXResourcesBuildPhase section */

/* Begin PBXSourcesBuildPhase section */
		31ECC83925755F8800FB63B3 /* Sources */ = {
			isa = PBXSourcesBuildPhase;
			buildActionMask = 2147483647;
			files = (
				31ECC84525755F8800FB63B3 /* ViewController.swift in Sources */,
				31ECC84125755F8800FB63B3 /* AppDelegate.swift in Sources */,
				31ECC84325755F8800FB63B3 /* SceneDelegate.swift in Sources */,
			);
			runOnlyForDeploymentPostprocessing = 0;
		};
		31ECC84F25755F8B00FB63B3 /* Sources */ = {
			isa = PBXSourcesBuildPhase;
			buildActionMask = 2147483647;
			files = (
				31ECC85825755F8B00FB63B3 /* drinkTests.swift in Sources */,
			);
			runOnlyForDeploymentPostprocessing = 0;
		};
		31ECC85A25755F8B00FB63B3 /* Sources */ = {
			isa = PBXSourcesBuildPhase;
			buildActionMask = 2147483647;
			files = (
				31ECC86325755F8B00FB63B3 /* drinkUITests.swift in Sources */,
			);
			runOnlyForDeploymentPostprocessing = 0;
		};
/* End PBXSourcesBuildPhase section */

/* Begin PBXTargetDependency section */
		31ECC85525755F8B00FB63B3 /* PBXTargetDependency */ = {
			isa = PBXTargetDependency;
			target = 31ECC83C25755F8800FB63B3 /* drink */;
			targetProxy = 31ECC85425755F8B00FB63B3 /* PBXContainerItemProxy */;
		};
		31ECC86025755F8B00FB63B3 /* PBXTargetDependency */ = {
			isa = PBXTargetDependency;
			target = 31ECC83C25755F8800FB63B3 /* drink */;
			targetProxy = 31ECC85F25755F8B00FB63B3 /* PBXContainerItemProxy */;
		};
/* End PBXTargetDependency section */

/* Begin PBXVariantGroup section */
		31ECC84625755F8800FB63B3 /* Main.storyboard */ = {
			isa = PBXVariantGroup;
			children = (
				31ECC84725755F8800FB63B3 /* Base */,
			);
			name = Main.storyboard;
			sourceTree = "<group>";
		};
		31ECC84B25755F8B00FB63B3 /* LaunchScreen.storyboard */ = {
			isa = PBXVariantGroup;
			children = (
				31ECC84C25755F8B00FB63B3 /* Base */,
			);
			name = LaunchScreen.storyboard;
			sourceTree = "<group>";
		};
/* End PBXVariantGroup section */

/* Begin XCBuildConfiguration section */
		31ECC86525755F8B00FB63B3 /* Debug */ = {
			isa = XCBuildConfiguration;
			buildSettings = {
				ALWAYS_SEARCH_USER_PATHS = NO;
				CLANG_ANALYZER_NONNULL = YES;
				CLANG_ANALYZER_NUMBER_OBJECT_CONVERSION = YES_AGGRESSIVE;
				CLANG_CXX_LANGUAGE_STANDARD = "gnu++14";
				CLANG_CXX_LIBRARY = "libc++";
				CLANG_ENABLE_MODULES = YES;
				CLANG_ENABLE_OBJC_ARC = YES;
				CLANG_ENABLE_OBJC_WEAK = YES;
				CLANG_WARN_BLOCK_CAPTURE_AUTORELEASING = YES;
				CLANG_WARN_BOOL_CONVERSION = YES;
				CLANG_WARN_COMMA = YES;
				CLANG_WARN_CONSTANT_CONVERSION = YES;
				CLANG_WARN_DEPRECATED_OBJC_IMPLEMENTATIONS = YES;
				CLANG_WARN_DIRECT_OBJC_ISA_USAGE = YES_ERROR;
				CLANG_WARN_DOCUMENTATION_COMMENTS = YES;
				CLANG_WARN_EMPTY_BODY = YES;
				CLANG_WARN_ENUM_CONVERSION = YES;
				CLANG_WARN_INFINITE_RECURSION = YES;
				CLANG_WARN_INT_CONVERSION = YES;
				CLANG_WARN_NON_LITERAL_NULL_CONVERSION = YES;
				CLANG_WARN_OBJC_IMPLICIT_RETAIN_SELF = YES;
				CLANG_WARN_OBJC_LITERAL_CONVERSION = YES;
				CLANG_WARN_OBJC_ROOT_CLASS = YES_ERROR;
				CLANG_WARN_QUOTED_INCLUDE_IN_FRAMEWORK_HEADER = YES;
				CLANG_WARN_RANGE_LOOP_ANALYSIS = YES;
				CLANG_WARN_STRICT_PROTOTYPES = YES;
				CLANG_WARN_SUSPICIOUS_MOVE = YES;
				CLANG_WARN_UNGUARDED_AVAILABILITY = YES_AGGRESSIVE;
				CLANG_WARN_UNREACHABLE_CODE = YES;
				CLANG_WARN__DUPLICATE_METHOD_MATCH = YES;
				COPY_PHASE_STRIP = NO;
				DEBUG_INFORMATION_FORMAT = dwarf;
				ENABLE_STRICT_OBJC_MSGSEND = YES;
				ENABLE_TESTABILITY = YES;
				GCC_C_LANGUAGE_STANDARD = gnu11;
				GCC_DYNAMIC_NO_PIC = NO;
				GCC_NO_COMMON_BLOCKS = YES;
				GCC_OPTIMIZATION_LEVEL = 0;
				GCC_PREPROCESSOR_DEFINITIONS = (
					"DEBUG=1",
					"$(inherited)",
				);
				GCC_WARN_64_TO_32_BIT_CONVERSION = YES;
				GCC_WARN_ABOUT_RETURN_TYPE = YES_ERROR;
				GCC_WARN_UNDECLARED_SELECTOR = YES;
				GCC_WARN_UNINITIALIZED_AUTOS = YES_AGGRESSIVE;
				GCC_WARN_UNUSED_FUNCTION = YES;
				GCC_WARN_UNUSED_VARIABLE = YES;
				IPHONEOS_DEPLOYMENT_TARGET = 14.2;
				MTL_ENABLE_DEBUG_INFO = INCLUDE_SOURCE;
				MTL_FAST_MATH = YES;
				ONLY_ACTIVE_ARCH = YES;
				SDKROOT = iphoneos;
				SWIFT_ACTIVE_COMPILATION_CONDITIONS = DEBUG;
				SWIFT_OPTIMIZATION_LEVEL = "-Onone";
			};
			name = Debug;
		};
		31ECC86625755F8B00FB63B3 /* Release */ = {
			isa = XCBuildConfiguration;
			buildSettings = {
				ALWAYS_SEARCH_USER_PATHS = NO;
				CLANG_ANALYZER_NONNULL = YES;
				CLANG_ANALYZER_NUMBER_OBJECT_CONVERSION = YES_AGGRESSIVE;
				CLANG_CXX_LANGUAGE_STANDARD = "gnu++14";
				CLANG_CXX_LIBRARY = "libc++";
				CLANG_ENABLE_MODULES = YES;
				CLANG_ENABLE_OBJC_ARC = YES;
				CLANG_ENABLE_OBJC_WEAK = YES;
				CLANG_WARN_BLOCK_CAPTURE_AUTORELEASING = YES;
				CLANG_WARN_BOOL_CONVERSION = YES;
				CLANG_WARN_COMMA = YES;
				CLANG_WARN_CONSTANT_CONVERSION = YES;
				CLANG_WARN_DEPRECATED_OBJC_IMPLEMENTATIONS = YES;
				CLANG_WARN_DIRECT_OBJC_ISA_USAGE = YES_ERROR;
				CLANG_WARN_DOCUMENTATION_COMMENTS = YES;
				CLANG_WARN_EMPTY_BODY = YES;
				CLANG_WARN_ENUM_CONVERSION = YES;
				CLANG_WARN_INFINITE_RECURSION = YES;
				CLANG_WARN_INT_CONVERSION = YES;
				CLANG_WARN_NON_LITERAL_NULL_CONVERSION = YES;
				CLANG_WARN_OBJC_IMPLICIT_RETAIN_SELF = YES;
				CLANG_WARN_OBJC_LITERAL_CONVERSION = YES;
				CLANG_WARN_OBJC_ROOT_CLASS = YES_ERROR;
				CLANG_WARN_QUOTED_INCLUDE_IN_FRAMEWORK_HEADER = YES;
				CLANG_WARN_RANGE_LOOP_ANALYSIS = YES;
				CLANG_WARN_STRICT_PROTOTYPES = YES;
				CLANG_WARN_SUSPICIOUS_MOVE = YES;
				CLANG_WARN_UNGUARDED_AVAILABILITY = YES_AGGRESSIVE;
				CLANG_WARN_UNREACHABLE_CODE = YES;
				CLANG_WARN__DUPLICATE_METHOD_MATCH = YES;
				COPY_PHASE_STRIP = NO;
				DEBUG_INFORMATION_FORMAT = "dwarf-with-dsym";
				ENABLE_NS_ASSERTIONS = NO;
				ENABLE_STRICT_OBJC_MSGSEND = YES;
				GCC_C_LANGUAGE_STANDARD = gnu11;
				GCC_NO_COMMON_BLOCKS = YES;
				GCC_WARN_64_TO_32_BIT_CONVERSION = YES;
				GCC_WARN_ABOUT_RETURN_TYPE = YES_ERROR;
				GCC_WARN_UNDECLARED_SELECTOR = YES;
				GCC_WARN_UNINITIALIZED_AUTOS = YES_AGGRESSIVE;
				GCC_WARN_UNUSED_FUNCTION = YES;
				GCC_WARN_UNUSED_VARIABLE = YES;
				IPHONEOS_DEPLOYMENT_TARGET = 14.2;
				MTL_ENABLE_DEBUG_INFO = NO;
				MTL_FAST_MATH = YES;
				ONLY_ACTIVE_ARCH = YES;
				SDKROOT = iphoneos;
				SWIFT_COMPILATION_MODE = wholemodule;
				SWIFT_OPTIMIZATION_LEVEL = "-O";
				VALIDATE_PRODUCT = YES;
			};
			name = Release;
		};
		31ECC86825755F8B00FB63B3 /* Debug */ = {
			isa = XCBuildConfiguration;
			buildSettings = {
				ASSETCATALOG_COMPILER_APPICON_NAME = AppIcon;
				ASSETCATALOG_COMPILER_GLOBAL_ACCENT_COLOR_NAME = AccentColor;
				CODE_SIGN_IDENTITY = "Apple Development";
				CODE_SIGN_STYLE = Automatic;
				DEVELOPMENT_TEAM = 3RTJZDWWU2;
				INFOPLIST_FILE = drink/Info.plist;
				IPHONEOS_DEPLOYMENT_TARGET = 14.0;
				LD_RUNPATH_SEARCH_PATHS = (
					"$(inherited)",
					"@executable_path/Frameworks",
				);
				PRODUCT_BUNDLE_IDENTIFIER = unimelb;
				PRODUCT_NAME = "$(TARGET_NAME)";
				PROVISIONING_PROFILE_SPECIFIER = "";
				SWIFT_VERSION = 5.0;
				TARGETED_DEVICE_FAMILY = 1;
			};
			name = Debug;
		};
		31ECC86925755F8B00FB63B3 /* Release */ = {
			isa = XCBuildConfiguration;
			buildSettings = {
				ASSETCATALOG_COMPILER_APPICON_NAME = AppIcon;
				ASSETCATALOG_COMPILER_GLOBAL_ACCENT_COLOR_NAME = AccentColor;
				CODE_SIGN_IDENTITY = "Apple Development";
				CODE_SIGN_STYLE = Automatic;
				DEVELOPMENT_TEAM = 3RTJZDWWU2;
				INFOPLIST_FILE = drink/Info.plist;
				IPHONEOS_DEPLOYMENT_TARGET = 14.0;
				LD_RUNPATH_SEARCH_PATHS = (
					"$(inherited)",
					"@executable_path/Frameworks",
				);
				PRODUCT_BUNDLE_IDENTIFIER = gyuv;
				PRODUCT_NAME = "$(TARGET_NAME)";
				PROVISIONING_PROFILE_SPECIFIER = "";
				SWIFT_VERSION = 5.0;
				TARGETED_DEVICE_FAMILY = 1;
			};
			name = Release;
		};
		31ECC86B25755F8B00FB63B3 /* Debug */ = {
			isa = XCBuildConfiguration;
			buildSettings = {
				ALWAYS_EMBED_SWIFT_STANDARD_LIBRARIES = YES;
				BUNDLE_LOADER = "$(TEST_HOST)";
				CODE_SIGN_STYLE = Automatic;
				INFOPLIST_FILE = drinkTests/Info.plist;
				IPHONEOS_DEPLOYMENT_TARGET = 14.0;
				LD_RUNPATH_SEARCH_PATHS = (
					"$(inherited)",
					"@executable_path/Frameworks",
					"@loader_path/Frameworks",
				);
				PRODUCT_BUNDLE_IDENTIFIER = unimelb.drinkTests;
				PRODUCT_NAME = "$(TARGET_NAME)";
				SWIFT_VERSION = 5.0;
				TARGETED_DEVICE_FAMILY = "1,2";
				TEST_HOST = "$(BUILT_PRODUCTS_DIR)/drink.app/drink";
			};
			name = Debug;
		};
		31ECC86C25755F8B00FB63B3 /* Release */ = {
			isa = XCBuildConfiguration;
			buildSettings = {
				ALWAYS_EMBED_SWIFT_STANDARD_LIBRARIES = YES;
				BUNDLE_LOADER = "$(TEST_HOST)";
				CODE_SIGN_STYLE = Automatic;
				INFOPLIST_FILE = drinkTests/Info.plist;
				IPHONEOS_DEPLOYMENT_TARGET = 14.0;
				LD_RUNPATH_SEARCH_PATHS = (
					"$(inherited)",
					"@executable_path/Frameworks",
					"@loader_path/Frameworks",
				);
				PRODUCT_BUNDLE_IDENTIFIER = unimelb.drinkTests;
				PRODUCT_NAME = "$(TARGET_NAME)";
				SWIFT_VERSION = 5.0;
				TARGETED_DEVICE_FAMILY = "1,2";
				TEST_HOST = "$(BUILT_PRODUCTS_DIR)/drink.app/drink";
			};
			name = Release;
		};
		31ECC86E25755F8B00FB63B3 /* Debug */ = {
			isa = XCBuildConfiguration;
			buildSettings = {
				ALWAYS_EMBED_SWIFT_STANDARD_LIBRARIES = YES;
				CODE_SIGN_STYLE = Automatic;
				INFOPLIST_FILE = drinkUITests/Info.plist;
				LD_RUNPATH_SEARCH_PATHS = (
					"$(inherited)",
					"@executable_path/Frameworks",
					"@loader_path/Frameworks",
				);
				PRODUCT_BUNDLE_IDENTIFIER = unimelb.drinkUITests;
				PRODUCT_NAME = "$(TARGET_NAME)";
				SWIFT_VERSION = 5.0;
				TARGETED_DEVICE_FAMILY = "1,2";
				TEST_TARGET_NAME = drink;
			};
			name = Debug;
		};
		31ECC86F25755F8B00FB63B3 /* Release */ = {
			isa = XCBuildConfiguration;
			buildSettings = {
				ALWAYS_EMBED_SWIFT_STANDARD_LIBRARIES = YES;
				CODE_SIGN_STYLE = Automatic;
				INFOPLIST_FILE = drinkUITests/Info.plist;
				LD_RUNPATH_SEARCH_PATHS = (
					"$(inherited)",
					"@executable_path/Frameworks",
					"@loader_path/Frameworks",
				);
				PRODUCT_BUNDLE_IDENTIFIER = unimelb.drinkUITests;
				PRODUCT_NAME = "$(TARGET_NAME)";
				SWIFT_VERSION = 5.0;
				TARGETED_DEVICE_FAMILY = "1,2";
				TEST_TARGET_NAME = drink;
			};
			name = Release;
		};
/* End XCBuildConfiguration section */

/* Begin XCConfigurationList section */
		31ECC83825755F8800FB63B3 /* Build configuration list for PBXProject "drink" */ = {
			isa = XCConfigurationList;
			buildConfigurations = (
				31ECC86525755F8B00FB63B3 /* Debug */,
				31ECC86625755F8B00FB63B3 /* Release */,
			);
			defaultConfigurationIsVisible = 0;
			defaultConfigurationName = Release;
		};
		31ECC86725755F8B00FB63B3 /* Build configuration list for PBXNativeTarget "drink" */ = {
			isa = XCConfigurationList;
			buildConfigurations = (
				31ECC86825755F8B00FB63B3 /* Debug */,
				31ECC86925755F8B00FB63B3 /* Release */,
			);
			defaultConfigurationIsVisible = 0;
			defaultConfigurationName = Release;
		};
		31ECC86A25755F8B00FB63B3 /* Build configuration list for PBXNativeTarget "drinkTests" */ = {
			isa = XCConfigurationList;
			buildConfigurations = (
				31ECC86B25755F8B00FB63B3 /* Debug */,
				31ECC86C25755F8B00FB63B3 /* Release */,
			);
			defaultConfigurationIsVisible = 0;
			defaultConfigurationName = Release;
		};
		31ECC86D25755F8B00FB63B3 /* Build configuration list for PBXNativeTarget "drinkUITests" */ = {
			isa = XCConfigurationList;
			buildConfigurations = (
				31ECC86E25755F8B00FB63B3 /* Debug */,
				31ECC86F25755F8B00FB63B3 /* Release */,
			);
			defaultConfigurationIsVisible = 0;
			defaultConfigurationName = Release;
		};
/* End XCConfigurationList section */
	};
	rootObject = 31ECC83525755F8800FB63B3 /* Project object */;
}
